// !$*UTF8*$!
{
	archiveVersion = 1;
	classes = {
	};
	objectVersion = 50;
	objects = {

/* Begin PBXBuildFile section */
		6D60A51C2255723700AC3458 /* GoogleService-Info.plist in Resources */ = {isa = PBXBuildFile; fileRef = 6D60A51B2255723700AC3458 /* GoogleService-Info.plist */; };
		6DC08C6A2253BBCE00030282 /* Loading.swift in Sources */ = {isa = PBXBuildFile; fileRef = 6DC08C692253BBCE00030282 /* Loading.swift */; };
		6DC08C6F2253C14E00030282 /* loading.json in Resources */ = {isa = PBXBuildFile; fileRef = 6DC08C6E2253C14E00030282 /* loading.json */; };
		73174282224A85F500BFE242 /* ExtensionUIViewController.swift in Sources */ = {isa = PBXBuildFile; fileRef = 73174281224A85F500BFE242 /* ExtensionUIViewController.swift */; };
		734D065E2249409E0029587F /* PhrasePresenter.swift in Sources */ = {isa = PBXBuildFile; fileRef = 734D065D2249409E0029587F /* PhrasePresenter.swift */; };
		734D0660224941D70029587F /* Author.swift in Sources */ = {isa = PBXBuildFile; fileRef = 734D065F224941D70029587F /* Author.swift */; };
		734D0662224944010029587F /* List.swift in Sources */ = {isa = PBXBuildFile; fileRef = 734D0661224944010029587F /* List.swift */; };
		734D066422494A4D0029587F /* PhrasesCell.swift in Sources */ = {isa = PBXBuildFile; fileRef = 734D066322494A4D0029587F /* PhrasesCell.swift */; };
		73575DF8224408D100C932D1 /* AppDelegate.swift in Sources */ = {isa = PBXBuildFile; fileRef = 73575DF7224408D100C932D1 /* AppDelegate.swift */; };
		73575DFA224408D100C932D1 /* MainViewController.swift in Sources */ = {isa = PBXBuildFile; fileRef = 73575DF9224408D100C932D1 /* MainViewController.swift */; };
		73575DFD224408D100C932D1 /* Main.storyboard in Resources */ = {isa = PBXBuildFile; fileRef = 73575DFB224408D100C932D1 /* Main.storyboard */; };
		73575DFF224408D300C932D1 /* Assets.xcassets in Resources */ = {isa = PBXBuildFile; fileRef = 73575DFE224408D300C932D1 /* Assets.xcassets */; };
		73575E02224408D300C932D1 /* LaunchScreen.storyboard in Resources */ = {isa = PBXBuildFile; fileRef = 73575E00224408D300C932D1 /* LaunchScreen.storyboard */; };
		73575E0D224408D300C932D1 /* PensadorAppiOSTests.swift in Sources */ = {isa = PBXBuildFile; fileRef = 73575E0C224408D300C932D1 /* PensadorAppiOSTests.swift */; };
		73575E18224408D300C932D1 /* PensadorAppiOSUITests.swift in Sources */ = {isa = PBXBuildFile; fileRef = 73575E17224408D300C932D1 /* PensadorAppiOSUITests.swift */; };
		73575E2E22440DC100C932D1 /* Network.swift in Sources */ = {isa = PBXBuildFile; fileRef = 73575E2D22440DC100C932D1 /* Network.swift */; };
		73575E3022440F6B00C932D1 /* ServiceAPI.swift in Sources */ = {isa = PBXBuildFile; fileRef = 73575E2F22440F6B00C932D1 /* ServiceAPI.swift */; };
		73575E45224411E800C932D1 /* Lato-Bold.ttf in Resources */ = {isa = PBXBuildFile; fileRef = 73575E33224411E600C932D1 /* Lato-Bold.ttf */; };
		73575E46224411E800C932D1 /* Lato-BlackItalic.ttf in Resources */ = {isa = PBXBuildFile; fileRef = 73575E34224411E600C932D1 /* Lato-BlackItalic.ttf */; };
		73575E47224411E800C932D1 /* Lato-Italic.ttf in Resources */ = {isa = PBXBuildFile; fileRef = 73575E35224411E600C932D1 /* Lato-Italic.ttf */; };
		73575E48224411E800C932D1 /* Lato-BoldItalic.ttf in Resources */ = {isa = PBXBuildFile; fileRef = 73575E36224411E600C932D1 /* Lato-BoldItalic.ttf */; };
		73575E49224411E800C932D1 /* Lato-Light.ttf in Resources */ = {isa = PBXBuildFile; fileRef = 73575E37224411E600C932D1 /* Lato-Light.ttf */; };
		73575E4A224411E800C932D1 /* Lato-Thin.ttf in Resources */ = {isa = PBXBuildFile; fileRef = 73575E38224411E600C932D1 /* Lato-Thin.ttf */; };
		73575E4B224411E800C932D1 /* Lato-HeavyItalic.ttf in Resources */ = {isa = PBXBuildFile; fileRef = 73575E39224411E700C932D1 /* Lato-HeavyItalic.ttf */; };
		73575E4C224411E800C932D1 /* Lato-ThinItalic.ttf in Resources */ = {isa = PBXBuildFile; fileRef = 73575E3A224411E700C932D1 /* Lato-ThinItalic.ttf */; };
		73575E4D224411E800C932D1 /* Lato-Heavy.ttf in Resources */ = {isa = PBXBuildFile; fileRef = 73575E3B224411E700C932D1 /* Lato-Heavy.ttf */; };
		73575E4E224411E800C932D1 /* Lato-MediumItalic.ttf in Resources */ = {isa = PBXBuildFile; fileRef = 73575E3C224411E700C932D1 /* Lato-MediumItalic.ttf */; };
		73575E4F224411E800C932D1 /* Lato-Semibold.ttf in Resources */ = {isa = PBXBuildFile; fileRef = 73575E3D224411E700C932D1 /* Lato-Semibold.ttf */; };
		73575E50224411E800C932D1 /* Lato-SemiboldItalic.ttf in Resources */ = {isa = PBXBuildFile; fileRef = 73575E3E224411E700C932D1 /* Lato-SemiboldItalic.ttf */; };
		73575E51224411E800C932D1 /* Lato-Medium.ttf in Resources */ = {isa = PBXBuildFile; fileRef = 73575E3F224411E700C932D1 /* Lato-Medium.ttf */; };
		73575E52224411E800C932D1 /* Lato-Black.ttf in Resources */ = {isa = PBXBuildFile; fileRef = 73575E40224411E700C932D1 /* Lato-Black.ttf */; };
		73575E53224411E800C932D1 /* Lato-LightItalic.ttf in Resources */ = {isa = PBXBuildFile; fileRef = 73575E41224411E800C932D1 /* Lato-LightItalic.ttf */; };
		73575E54224411E800C932D1 /* Lato-HairlineItalic.ttf in Resources */ = {isa = PBXBuildFile; fileRef = 73575E42224411E800C932D1 /* Lato-HairlineItalic.ttf */; };
		73575E55224411E800C932D1 /* Lato-Hairline.ttf in Resources */ = {isa = PBXBuildFile; fileRef = 73575E43224411E800C932D1 /* Lato-Hairline.ttf */; };
		73575E56224411E800C932D1 /* Lato-Regular.ttf in Resources */ = {isa = PBXBuildFile; fileRef = 73575E44224411E800C932D1 /* Lato-Regular.ttf */; };
		73575E582244141600C932D1 /* Thinker.swift in Sources */ = {isa = PBXBuildFile; fileRef = 73575E572244141600C932D1 /* Thinker.swift */; };
		73575E5A2244147E00C932D1 /* ListCat.swift in Sources */ = {isa = PBXBuildFile; fileRef = 73575E592244147E00C932D1 /* ListCat.swift */; };
		73575E5C224415C100C932D1 /* MainPresenter.swift in Sources */ = {isa = PBXBuildFile; fileRef = 73575E5B224415C100C932D1 /* MainPresenter.swift */; };
		73575E60224518CE00C932D1 /* CategoryCell.swift in Sources */ = {isa = PBXBuildFile; fileRef = 73575E5F224518CE00C932D1 /* CategoryCell.swift */; };
		73575E67224547DD00C932D1 /* Phrase.swift in Sources */ = {isa = PBXBuildFile; fileRef = 73575E66224547DD00C932D1 /* Phrase.swift */; };
		73575E6B22454A7700C932D1 /* PhraseViewController.swift in Sources */ = {isa = PBXBuildFile; fileRef = 73575E6A22454A7700C932D1 /* PhraseViewController.swift */; };
		73575E6D224565EE00C932D1 /* CategoryInsideCell.swift in Sources */ = {isa = PBXBuildFile; fileRef = 73575E6C224565EE00C932D1 /* CategoryInsideCell.swift */; };
		BE18EFA08A6224DEBCF24B47 /* Pods_PensadorAppiOSTests.framework in Frameworks */ = {isa = PBXBuildFile; fileRef = 1D07C3256B6F4581C1E07DE5 /* Pods_PensadorAppiOSTests.framework */; };
		D51EF00B4EFEA8D43F0C074B /* Pods_PensadorAppiOSUITests.framework in Frameworks */ = {isa = PBXBuildFile; fileRef = F5247CA952E0F51E42AA7992 /* Pods_PensadorAppiOSUITests.framework */; };
		EAAE6C8B3A34950669ECE0D4 /* Pods_PensadorAppiOS.framework in Frameworks */ = {isa = PBXBuildFile; fileRef = 39BAB8F4B57135C7055C57FB /* Pods_PensadorAppiOS.framework */; };
/* End PBXBuildFile section */

/* Begin PBXContainerItemProxy section */
		73575E09224408D300C932D1 /* PBXContainerItemProxy */ = {
			isa = PBXContainerItemProxy;
			containerPortal = 73575DEC224408D100C932D1 /* Project object */;
			proxyType = 1;
			remoteGlobalIDString = 73575DF3224408D100C932D1;
			remoteInfo = PensadorAppiOS;
		};
		73575E14224408D300C932D1 /* PBXContainerItemProxy */ = {
			isa = PBXContainerItemProxy;
			containerPortal = 73575DEC224408D100C932D1 /* Project object */;
			proxyType = 1;
			remoteGlobalIDString = 73575DF3224408D100C932D1;
			remoteInfo = PensadorAppiOS;
		};
/* End PBXContainerItemProxy section */

/* Begin PBXFileReference section */
		1D07C3256B6F4581C1E07DE5 /* Pods_PensadorAppiOSTests.framework */ = {isa = PBXFileReference; explicitFileType = wrapper.framework; includeInIndex = 0; path = Pods_PensadorAppiOSTests.framework; sourceTree = BUILT_PRODUCTS_DIR; };
		39BAB8F4B57135C7055C57FB /* Pods_PensadorAppiOS.framework */ = {isa = PBXFileReference; explicitFileType = wrapper.framework; includeInIndex = 0; path = Pods_PensadorAppiOS.framework; sourceTree = BUILT_PRODUCTS_DIR; };
		5E555E17C6A2D80C1C153BA1 /* Pods-PensadorAppiOS.release.xcconfig */ = {isa = PBXFileReference; includeInIndex = 1; lastKnownFileType = text.xcconfig; name = "Pods-PensadorAppiOS.release.xcconfig"; path = "Pods/Target Support Files/Pods-PensadorAppiOS/Pods-PensadorAppiOS.release.xcconfig"; sourceTree = "<group>"; };
		6D60A51B2255723700AC3458 /* GoogleService-Info.plist */ = {isa = PBXFileReference; fileEncoding = 4; lastKnownFileType = text.plist.xml; name = "GoogleService-Info.plist"; path = "../../../Downloads/GoogleService-Info.plist"; sourceTree = "<group>"; };
		6DC08C692253BBCE00030282 /* Loading.swift */ = {isa = PBXFileReference; lastKnownFileType = sourcecode.swift; path = Loading.swift; sourceTree = "<group>"; };
		6DC08C6E2253C14E00030282 /* loading.json */ = {isa = PBXFileReference; fileEncoding = 4; lastKnownFileType = text.json; name = loading.json; path = ../../../../../Downloads/loading.json; sourceTree = "<group>"; };
		6F5374144E78A6B50408F1B3 /* Pods-PensadorAppiOSUITests.debug.xcconfig */ = {isa = PBXFileReference; includeInIndex = 1; lastKnownFileType = text.xcconfig; name = "Pods-PensadorAppiOSUITests.debug.xcconfig"; path = "Pods/Target Support Files/Pods-PensadorAppiOSUITests/Pods-PensadorAppiOSUITests.debug.xcconfig"; sourceTree = "<group>"; };
		73174281224A85F500BFE242 /* ExtensionUIViewController.swift */ = {isa = PBXFileReference; lastKnownFileType = sourcecode.swift; path = ExtensionUIViewController.swift; sourceTree = "<group>"; };
		734D065D2249409E0029587F /* PhrasePresenter.swift */ = {isa = PBXFileReference; lastKnownFileType = sourcecode.swift; path = PhrasePresenter.swift; sourceTree = "<group>"; };
		734D065F224941D70029587F /* Author.swift */ = {isa = PBXFileReference; lastKnownFileType = sourcecode.swift; path = Author.swift; sourceTree = "<group>"; };
		734D0661224944010029587F /* List.swift */ = {isa = PBXFileReference; lastKnownFileType = sourcecode.swift; path = List.swift; sourceTree = "<group>"; };
		734D066322494A4D0029587F /* PhrasesCell.swift */ = {isa = PBXFileReference; lastKnownFileType = sourcecode.swift; path = PhrasesCell.swift; sourceTree = "<group>"; };
		73575DF4224408D100C932D1 /* PensadorAppiOS.app */ = {isa = PBXFileReference; explicitFileType = wrapper.application; includeInIndex = 0; path = PensadorAppiOS.app; sourceTree = BUILT_PRODUCTS_DIR; };
		73575DF7224408D100C932D1 /* AppDelegate.swift */ = {isa = PBXFileReference; lastKnownFileType = sourcecode.swift; path = AppDelegate.swift; sourceTree = "<group>"; };
		73575DF9224408D100C932D1 /* MainViewController.swift */ = {isa = PBXFileReference; lastKnownFileType = sourcecode.swift; path = MainViewController.swift; sourceTree = "<group>"; };
		73575DFC224408D100C932D1 /* Base */ = {isa = PBXFileReference; lastKnownFileType = file.storyboard; name = Base; path = Base.lproj/Main.storyboard; sourceTree = "<group>"; };
		73575DFE224408D300C932D1 /* Assets.xcassets */ = {isa = PBXFileReference; lastKnownFileType = folder.assetcatalog; path = Assets.xcassets; sourceTree = "<group>"; };
		73575E01224408D300C932D1 /* Base */ = {isa = PBXFileReference; lastKnownFileType = file.storyboard; name = Base; path = Base.lproj/LaunchScreen.storyboard; sourceTree = "<group>"; };
		73575E03224408D300C932D1 /* Info.plist */ = {isa = PBXFileReference; lastKnownFileType = text.plist.xml; path = Info.plist; sourceTree = "<group>"; };
		73575E08224408D300C932D1 /* PensadorAppiOSTests.xctest */ = {isa = PBXFileReference; explicitFileType = wrapper.cfbundle; includeInIndex = 0; path = PensadorAppiOSTests.xctest; sourceTree = BUILT_PRODUCTS_DIR; };
		73575E0C224408D300C932D1 /* PensadorAppiOSTests.swift */ = {isa = PBXFileReference; lastKnownFileType = sourcecode.swift; path = PensadorAppiOSTests.swift; sourceTree = "<group>"; };
		73575E0E224408D300C932D1 /* Info.plist */ = {isa = PBXFileReference; lastKnownFileType = text.plist.xml; path = Info.plist; sourceTree = "<group>"; };
		73575E13224408D300C932D1 /* PensadorAppiOSUITests.xctest */ = {isa = PBXFileReference; explicitFileType = wrapper.cfbundle; includeInIndex = 0; path = PensadorAppiOSUITests.xctest; sourceTree = BUILT_PRODUCTS_DIR; };
		73575E17224408D300C932D1 /* PensadorAppiOSUITests.swift */ = {isa = PBXFileReference; lastKnownFileType = sourcecode.swift; path = PensadorAppiOSUITests.swift; sourceTree = "<group>"; };
		73575E19224408D300C932D1 /* Info.plist */ = {isa = PBXFileReference; lastKnownFileType = text.plist.xml; path = Info.plist; sourceTree = "<group>"; };
		73575E2D22440DC100C932D1 /* Network.swift */ = {isa = PBXFileReference; lastKnownFileType = sourcecode.swift; path = Network.swift; sourceTree = "<group>"; };
		73575E2F22440F6B00C932D1 /* ServiceAPI.swift */ = {isa = PBXFileReference; lastKnownFileType = sourcecode.swift; path = ServiceAPI.swift; sourceTree = "<group>"; };
		73575E33224411E600C932D1 /* Lato-Bold.ttf */ = {isa = PBXFileReference; lastKnownFileType = file; path = "Lato-Bold.ttf"; sourceTree = "<group>"; };
		73575E34224411E600C932D1 /* Lato-BlackItalic.ttf */ = {isa = PBXFileReference; lastKnownFileType = file; path = "Lato-BlackItalic.ttf"; sourceTree = "<group>"; };
		73575E35224411E600C932D1 /* Lato-Italic.ttf */ = {isa = PBXFileReference; lastKnownFileType = file; path = "Lato-Italic.ttf"; sourceTree = "<group>"; };
		73575E36224411E600C932D1 /* Lato-BoldItalic.ttf */ = {isa = PBXFileReference; lastKnownFileType = file; path = "Lato-BoldItalic.ttf"; sourceTree = "<group>"; };
		73575E37224411E600C932D1 /* Lato-Light.ttf */ = {isa = PBXFileReference; lastKnownFileType = file; path = "Lato-Light.ttf"; sourceTree = "<group>"; };
		73575E38224411E600C932D1 /* Lato-Thin.ttf */ = {isa = PBXFileReference; lastKnownFileType = file; path = "Lato-Thin.ttf"; sourceTree = "<group>"; };
		73575E39224411E700C932D1 /* Lato-HeavyItalic.ttf */ = {isa = PBXFileReference; lastKnownFileType = file; path = "Lato-HeavyItalic.ttf"; sourceTree = "<group>"; };
		73575E3A224411E700C932D1 /* Lato-ThinItalic.ttf */ = {isa = PBXFileReference; lastKnownFileType = file; path = "Lato-ThinItalic.ttf"; sourceTree = "<group>"; };
		73575E3B224411E700C932D1 /* Lato-Heavy.ttf */ = {isa = PBXFileReference; lastKnownFileType = file; path = "Lato-Heavy.ttf"; sourceTree = "<group>"; };
		73575E3C224411E700C932D1 /* Lato-MediumItalic.ttf */ = {isa = PBXFileReference; lastKnownFileType = file; path = "Lato-MediumItalic.ttf"; sourceTree = "<group>"; };
		73575E3D224411E700C932D1 /* Lato-Semibold.ttf */ = {isa = PBXFileReference; lastKnownFileType = file; path = "Lato-Semibold.ttf"; sourceTree = "<group>"; };
		73575E3E224411E700C932D1 /* Lato-SemiboldItalic.ttf */ = {isa = PBXFileReference; lastKnownFileType = file; path = "Lato-SemiboldItalic.ttf"; sourceTree = "<group>"; };
		73575E3F224411E700C932D1 /* Lato-Medium.ttf */ = {isa = PBXFileReference; lastKnownFileType = file; path = "Lato-Medium.ttf"; sourceTree = "<group>"; };
		73575E40224411E700C932D1 /* Lato-Black.ttf */ = {isa = PBXFileReference; lastKnownFileType = file; path = "Lato-Black.ttf"; sourceTree = "<group>"; };
		73575E41224411E800C932D1 /* Lato-LightItalic.ttf */ = {isa = PBXFileReference; lastKnownFileType = file; path = "Lato-LightItalic.ttf"; sourceTree = "<group>"; };
		73575E42224411E800C932D1 /* Lato-HairlineItalic.ttf */ = {isa = PBXFileReference; lastKnownFileType = file; path = "Lato-HairlineItalic.ttf"; sourceTree = "<group>"; };
		73575E43224411E800C932D1 /* Lato-Hairline.ttf */ = {isa = PBXFileReference; lastKnownFileType = file; path = "Lato-Hairline.ttf"; sourceTree = "<group>"; };
		73575E44224411E800C932D1 /* Lato-Regular.ttf */ = {isa = PBXFileReference; lastKnownFileType = file; path = "Lato-Regular.ttf"; sourceTree = "<group>"; };
		73575E572244141600C932D1 /* Thinker.swift */ = {isa = PBXFileReference; lastKnownFileType = sourcecode.swift; path = Thinker.swift; sourceTree = "<group>"; };
		73575E592244147E00C932D1 /* ListCat.swift */ = {isa = PBXFileReference; lastKnownFileType = sourcecode.swift; path = ListCat.swift; sourceTree = "<group>"; };
		73575E5B224415C100C932D1 /* MainPresenter.swift */ = {isa = PBXFileReference; lastKnownFileType = sourcecode.swift; path = MainPresenter.swift; sourceTree = "<group>"; };
		73575E5F224518CE00C932D1 /* CategoryCell.swift */ = {isa = PBXFileReference; lastKnownFileType = sourcecode.swift; path = CategoryCell.swift; sourceTree = "<group>"; };
		73575E66224547DD00C932D1 /* Phrase.swift */ = {isa = PBXFileReference; lastKnownFileType = sourcecode.swift; path = Phrase.swift; sourceTree = "<group>"; };
		73575E6A22454A7700C932D1 /* PhraseViewController.swift */ = {isa = PBXFileReference; lastKnownFileType = sourcecode.swift; path = PhraseViewController.swift; sourceTree = "<group>"; };
		73575E6C224565EE00C932D1 /* CategoryInsideCell.swift */ = {isa = PBXFileReference; lastKnownFileType = sourcecode.swift; path = CategoryInsideCell.swift; sourceTree = "<group>"; };
		7C07580A290D417E7A44F46B /* Pods-PensadorAppiOS.debug.xcconfig */ = {isa = PBXFileReference; includeInIndex = 1; lastKnownFileType = text.xcconfig; name = "Pods-PensadorAppiOS.debug.xcconfig"; path = "Pods/Target Support Files/Pods-PensadorAppiOS/Pods-PensadorAppiOS.debug.xcconfig"; sourceTree = "<group>"; };
		99547394AFA1A0865F75D490 /* Pods-PensadorAppiOSTests.release.xcconfig */ = {isa = PBXFileReference; includeInIndex = 1; lastKnownFileType = text.xcconfig; name = "Pods-PensadorAppiOSTests.release.xcconfig"; path = "Pods/Target Support Files/Pods-PensadorAppiOSTests/Pods-PensadorAppiOSTests.release.xcconfig"; sourceTree = "<group>"; };
		A1D058167C93AAD95306D364 /* Pods-PensadorAppiOSTests.debug.xcconfig */ = {isa = PBXFileReference; includeInIndex = 1; lastKnownFileType = text.xcconfig; name = "Pods-PensadorAppiOSTests.debug.xcconfig"; path = "Pods/Target Support Files/Pods-PensadorAppiOSTests/Pods-PensadorAppiOSTests.debug.xcconfig"; sourceTree = "<group>"; };
		F0FF3D4F4B866D006298919C /* Pods-PensadorAppiOSUITests.release.xcconfig */ = {isa = PBXFileReference; includeInIndex = 1; lastKnownFileType = text.xcconfig; name = "Pods-PensadorAppiOSUITests.release.xcconfig"; path = "Pods/Target Support Files/Pods-PensadorAppiOSUITests/Pods-PensadorAppiOSUITests.release.xcconfig"; sourceTree = "<group>"; };
		F5247CA952E0F51E42AA7992 /* Pods_PensadorAppiOSUITests.framework */ = {isa = PBXFileReference; explicitFileType = wrapper.framework; includeInIndex = 0; path = Pods_PensadorAppiOSUITests.framework; sourceTree = BUILT_PRODUCTS_DIR; };
/* End PBXFileReference section */

/* Begin PBXFrameworksBuildPhase section */
		73575DF1224408D100C932D1 /* Frameworks */ = {
			isa = PBXFrameworksBuildPhase;
			buildActionMask = 2147483647;
			files = (
				EAAE6C8B3A34950669ECE0D4 /* Pods_PensadorAppiOS.framework in Frameworks */,
			);
			runOnlyForDeploymentPostprocessing = 0;
		};
		73575E05224408D300C932D1 /* Frameworks */ = {
			isa = PBXFrameworksBuildPhase;
			buildActionMask = 2147483647;
			files = (
				BE18EFA08A6224DEBCF24B47 /* Pods_PensadorAppiOSTests.framework in Frameworks */,
			);
			runOnlyForDeploymentPostprocessing = 0;
		};
		73575E10224408D300C932D1 /* Frameworks */ = {
			isa = PBXFrameworksBuildPhase;
			buildActionMask = 2147483647;
			files = (
				D51EF00B4EFEA8D43F0C074B /* Pods_PensadorAppiOSUITests.framework in Frameworks */,
			);
			runOnlyForDeploymentPostprocessing = 0;
		};
/* End PBXFrameworksBuildPhase section */

/* Begin PBXGroup section */
		1D1056620F80D881D7103FC1 /* Frameworks */ = {
			isa = PBXGroup;
			children = (
				39BAB8F4B57135C7055C57FB /* Pods_PensadorAppiOS.framework */,
				1D07C3256B6F4581C1E07DE5 /* Pods_PensadorAppiOSTests.framework */,
				F5247CA952E0F51E42AA7992 /* Pods_PensadorAppiOSUITests.framework */,
			);
			name = Frameworks;
			sourceTree = "<group>";
		};
		6DC08C6B2253BF3600030282 /* animation */ = {
			isa = PBXGroup;
			children = (
				6DC08C6E2253C14E00030282 /* loading.json */,
			);
			path = animation;
			sourceTree = "<group>";
		};
		73575DEB224408D100C932D1 = {
			isa = PBXGroup;
			children = (
				73575DF6224408D100C932D1 /* PensadorAppiOS */,
				73575E0B224408D300C932D1 /* PensadorAppiOSTests */,
				73575E16224408D300C932D1 /* PensadorAppiOSUITests */,
				73575DF5224408D100C932D1 /* Products */,
				A3558AC3B9C372E7350C6652 /* Pods */,
				1D1056620F80D881D7103FC1 /* Frameworks */,
			);
			sourceTree = "<group>";
		};
		73575DF5224408D100C932D1 /* Products */ = {
			isa = PBXGroup;
			children = (
				73575DF4224408D100C932D1 /* PensadorAppiOS.app */,
				73575E08224408D300C932D1 /* PensadorAppiOSTests.xctest */,
				73575E13224408D300C932D1 /* PensadorAppiOSUITests.xctest */,
			);
			name = Products;
			sourceTree = "<group>";
		};
		73575DF6224408D100C932D1 /* PensadorAppiOS */ = {
			isa = PBXGroup;
			children = (
				6D60A51B2255723700AC3458 /* GoogleService-Info.plist */,
				73575E2522440BE400C932D1 /* source */,
				73575E2622440BEB00C932D1 /* resource */,
			);
			path = PensadorAppiOS;
			sourceTree = "<group>";
		};
		73575E0B224408D300C932D1 /* PensadorAppiOSTests */ = {
			isa = PBXGroup;
			children = (
				73575E0C224408D300C932D1 /* PensadorAppiOSTests.swift */,
				73575E0E224408D300C932D1 /* Info.plist */,
			);
			path = PensadorAppiOSTests;
			sourceTree = "<group>";
		};
		73575E16224408D300C932D1 /* PensadorAppiOSUITests */ = {
			isa = PBXGroup;
			children = (
				73575E17224408D300C932D1 /* PensadorAppiOSUITests.swift */,
				73575E19224408D300C932D1 /* Info.plist */,
			);
			path = PensadorAppiOSUITests;
			sourceTree = "<group>";
		};
		73575E2522440BE400C932D1 /* source */ = {
			isa = PBXGroup;
			children = (
				73575E2A22440C2100C932D1 /* base */,
				73575E2B22440C2600C932D1 /* service */,
				73575E2722440C0200C932D1 /* presenter */,
				73575E2922440C1600C932D1 /* view */,
				73575E2822440C0D00C932D1 /* model */,
				73575DF7224408D100C932D1 /* AppDelegate.swift */,
			);
			path = source;
			sourceTree = "<group>";
		};
		73575E2622440BEB00C932D1 /* resource */ = {
			isa = PBXGroup;
			children = (
				6DC08C6B2253BF3600030282 /* animation */,
				73575E32224411CD00C932D1 /* font */,
				73575E31224410E800C932D1 /* storyboard */,
				73575E2C22440C9000C932D1 /* config */,
				73575DFE224408D300C932D1 /* Assets.xcassets */,
			);
			path = resource;
			sourceTree = "<group>";
		};
		73575E2722440C0200C932D1 /* presenter */ = {
			isa = PBXGroup;
			children = (
				73575E5B224415C100C932D1 /* MainPresenter.swift */,
				734D065D2249409E0029587F /* PhrasePresenter.swift */,
			);
			path = presenter;
			sourceTree = "<group>";
		};
		73575E2822440C0D00C932D1 /* model */ = {
			isa = PBXGroup;
			children = (
				73575E572244141600C932D1 /* Thinker.swift */,
				73575E592244147E00C932D1 /* ListCat.swift */,
				73575E66224547DD00C932D1 /* Phrase.swift */,
				734D065F224941D70029587F /* Author.swift */,
				734D0661224944010029587F /* List.swift */,
			);
			path = model;
			sourceTree = "<group>";
		};
		73575E2922440C1600C932D1 /* view */ = {
			isa = PBXGroup;
			children = (
				73575DF9224408D100C932D1 /* MainViewController.swift */,
				73575E6A22454A7700C932D1 /* PhraseViewController.swift */,
			);
			path = view;
			sourceTree = "<group>";
		};
		73575E2A22440C2100C932D1 /* base */ = {
			isa = PBXGroup;
			children = (
				73575E6122453E9200C932D1 /* Extensions */,
				73575E5D224518A500C932D1 /* Components */,
			);
			path = base;
			sourceTree = "<group>";
		};
		73575E2B22440C2600C932D1 /* service */ = {
			isa = PBXGroup;
			children = (
				73575E2D22440DC100C932D1 /* Network.swift */,
				73575E2F22440F6B00C932D1 /* ServiceAPI.swift */,
			);
			path = service;
			sourceTree = "<group>";
		};
		73575E2C22440C9000C932D1 /* config */ = {
			isa = PBXGroup;
			children = (
				73575E03224408D300C932D1 /* Info.plist */,
			);
			path = config;
			sourceTree = "<group>";
		};
		73575E31224410E800C932D1 /* storyboard */ = {
			isa = PBXGroup;
			children = (
				73575E00224408D300C932D1 /* LaunchScreen.storyboard */,
				73575DFB224408D100C932D1 /* Main.storyboard */,
			);
			path = storyboard;
			sourceTree = "<group>";
		};
		73575E32224411CD00C932D1 /* font */ = {
			isa = PBXGroup;
			children = (
				73575E40224411E700C932D1 /* Lato-Black.ttf */,
				73575E34224411E600C932D1 /* Lato-BlackItalic.ttf */,
				73575E33224411E600C932D1 /* Lato-Bold.ttf */,
				73575E36224411E600C932D1 /* Lato-BoldItalic.ttf */,
				73575E43224411E800C932D1 /* Lato-Hairline.ttf */,
				73575E42224411E800C932D1 /* Lato-HairlineItalic.ttf */,
				73575E3B224411E700C932D1 /* Lato-Heavy.ttf */,
				73575E39224411E700C932D1 /* Lato-HeavyItalic.ttf */,
				73575E35224411E600C932D1 /* Lato-Italic.ttf */,
				73575E37224411E600C932D1 /* Lato-Light.ttf */,
				73575E41224411E800C932D1 /* Lato-LightItalic.ttf */,
				73575E3F224411E700C932D1 /* Lato-Medium.ttf */,
				73575E3C224411E700C932D1 /* Lato-MediumItalic.ttf */,
				73575E44224411E800C932D1 /* Lato-Regular.ttf */,
				73575E3D224411E700C932D1 /* Lato-Semibold.ttf */,
				73575E3E224411E700C932D1 /* Lato-SemiboldItalic.ttf */,
				73575E38224411E600C932D1 /* Lato-Thin.ttf */,
				73575E3A224411E700C932D1 /* Lato-ThinItalic.ttf */,
			);
			path = font;
			sourceTree = "<group>";
		};
		73575E5D224518A500C932D1 /* Components */ = {
			isa = PBXGroup;
			children = (
				73575E5E224518AB00C932D1 /* cell */,
				6DC08C692253BBCE00030282 /* Loading.swift */,
			);
			path = Components;
			sourceTree = "<group>";
		};
		73575E5E224518AB00C932D1 /* cell */ = {
			isa = PBXGroup;
			children = (
				73575E5F224518CE00C932D1 /* CategoryCell.swift */,
				73575E6C224565EE00C932D1 /* CategoryInsideCell.swift */,
				734D066322494A4D0029587F /* PhrasesCell.swift */,
			);
			path = cell;
			sourceTree = "<group>";
		};
		73575E6122453E9200C932D1 /* Extensions */ = {
			isa = PBXGroup;
			children = (
				73174281224A85F500BFE242 /* ExtensionUIViewController.swift */,
			);
			path = Extensions;
			sourceTree = "<group>";
		};
		A3558AC3B9C372E7350C6652 /* Pods */ = {
			isa = PBXGroup;
			children = (
				7C07580A290D417E7A44F46B /* Pods-PensadorAppiOS.debug.xcconfig */,
				5E555E17C6A2D80C1C153BA1 /* Pods-PensadorAppiOS.release.xcconfig */,
				A1D058167C93AAD95306D364 /* Pods-PensadorAppiOSTests.debug.xcconfig */,
				99547394AFA1A0865F75D490 /* Pods-PensadorAppiOSTests.release.xcconfig */,
				6F5374144E78A6B50408F1B3 /* Pods-PensadorAppiOSUITests.debug.xcconfig */,
				F0FF3D4F4B866D006298919C /* Pods-PensadorAppiOSUITests.release.xcconfig */,
			);
			name = Pods;
			sourceTree = "<group>";
		};
/* End PBXGroup section */

/* Begin PBXNativeTarget section */
		73575DF3224408D100C932D1 /* PensadorAppiOS */ = {
			isa = PBXNativeTarget;
			buildConfigurationList = 73575E1C224408D300C932D1 /* Build configuration list for PBXNativeTarget "PensadorAppiOS" */;
			buildPhases = (
				D52A0BF59A5F1E7DCA83BA00 /* [CP] Check Pods Manifest.lock */,
				73575DF0224408D100C932D1 /* Sources */,
				73575DF1224408D100C932D1 /* Frameworks */,
				73575DF2224408D100C932D1 /* Resources */,
				4F2C8095C8182B7FC2E18439 /* [CP] Embed Pods Frameworks */,
			);
			buildRules = (
			);
			dependencies = (
			);
			name = PensadorAppiOS;
			productName = PensadorAppiOS;
			productReference = 73575DF4224408D100C932D1 /* PensadorAppiOS.app */;
			productType = "com.apple.product-type.application";
		};
		73575E07224408D300C932D1 /* PensadorAppiOSTests */ = {
			isa = PBXNativeTarget;
			buildConfigurationList = 73575E1F224408D300C932D1 /* Build configuration list for PBXNativeTarget "PensadorAppiOSTests" */;
			buildPhases = (
				96F37C00C793419A24C84D4A /* [CP] Check Pods Manifest.lock */,
				73575E04224408D300C932D1 /* Sources */,
				73575E05224408D300C932D1 /* Frameworks */,
				73575E06224408D300C932D1 /* Resources */,
			);
			buildRules = (
			);
			dependencies = (
				73575E0A224408D300C932D1 /* PBXTargetDependency */,
			);
			name = PensadorAppiOSTests;
			productName = PensadorAppiOSTests;
			productReference = 73575E08224408D300C932D1 /* PensadorAppiOSTests.xctest */;
			productType = "com.apple.product-type.bundle.unit-test";
		};
		73575E12224408D300C932D1 /* PensadorAppiOSUITests */ = {
			isa = PBXNativeTarget;
			buildConfigurationList = 73575E22224408D300C932D1 /* Build configuration list for PBXNativeTarget "PensadorAppiOSUITests" */;
			buildPhases = (
				058157D8B43FE07C6201F8D4 /* [CP] Check Pods Manifest.lock */,
				73575E0F224408D300C932D1 /* Sources */,
				73575E10224408D300C932D1 /* Frameworks */,
				73575E11224408D300C932D1 /* Resources */,
			);
			buildRules = (
			);
			dependencies = (
				73575E15224408D300C932D1 /* PBXTargetDependency */,
			);
			name = PensadorAppiOSUITests;
			productName = PensadorAppiOSUITests;
			productReference = 73575E13224408D300C932D1 /* PensadorAppiOSUITests.xctest */;
			productType = "com.apple.product-type.bundle.ui-testing";
		};
/* End PBXNativeTarget section */

/* Begin PBXProject section */
		73575DEC224408D100C932D1 /* Project object */ = {
			isa = PBXProject;
			attributes = {
				LastSwiftUpdateCheck = 1000;
				LastUpgradeCheck = 1000;
				ORGANIZATIONNAME = "Gabriel Silva";
				TargetAttributes = {
					73575DF3224408D100C932D1 = {
						CreatedOnToolsVersion = 10.0;
					};
					73575E07224408D300C932D1 = {
						CreatedOnToolsVersion = 10.0;
						TestTargetID = 73575DF3224408D100C932D1;
					};
					73575E12224408D300C932D1 = {
						CreatedOnToolsVersion = 10.0;
						TestTargetID = 73575DF3224408D100C932D1;
					};
				};
			};
			buildConfigurationList = 73575DEF224408D100C932D1 /* Build configuration list for PBXProject "PensadorAppiOS" */;
			compatibilityVersion = "Xcode 9.3";
			developmentRegion = en;
			hasScannedForEncodings = 0;
			knownRegions = (
				en,
				Base,
			);
			mainGroup = 73575DEB224408D100C932D1;
			productRefGroup = 73575DF5224408D100C932D1 /* Products */;
			projectDirPath = "";
			projectRoot = "";
			targets = (
				73575DF3224408D100C932D1 /* PensadorAppiOS */,
				73575E07224408D300C932D1 /* PensadorAppiOSTests */,
				73575E12224408D300C932D1 /* PensadorAppiOSUITests */,
			);
		};
/* End PBXProject section */

/* Begin PBXResourcesBuildPhase section */
		73575DF2224408D100C932D1 /* Resources */ = {
			isa = PBXResourcesBuildPhase;
			buildActionMask = 2147483647;
			files = (
				73575E4E224411E800C932D1 /* Lato-MediumItalic.ttf in Resources */,
				73575E4D224411E800C932D1 /* Lato-Heavy.ttf in Resources */,
				73575E4B224411E800C932D1 /* Lato-HeavyItalic.ttf in Resources */,
				73575E02224408D300C932D1 /* LaunchScreen.storyboard in Resources */,
				6DC08C6F2253C14E00030282 /* loading.json in Resources */,
				73575E56224411E800C932D1 /* Lato-Regular.ttf in Resources */,
				73575E4A224411E800C932D1 /* Lato-Thin.ttf in Resources */,
				73575E50224411E800C932D1 /* Lato-SemiboldItalic.ttf in Resources */,
				73575E55224411E800C932D1 /* Lato-Hairline.ttf in Resources */,
				73575DFF224408D300C932D1 /* Assets.xcassets in Resources */,
				73575E53224411E800C932D1 /* Lato-LightItalic.ttf in Resources */,
				73575E46224411E800C932D1 /* Lato-BlackItalic.ttf in Resources */,
				73575E4F224411E800C932D1 /* Lato-Semibold.ttf in Resources */,
				73575E54224411E800C932D1 /* Lato-HairlineItalic.ttf in Resources */,
				73575E51224411E800C932D1 /* Lato-Medium.ttf in Resources */,
				73575DFD224408D100C932D1 /* Main.storyboard in Resources */,
				73575E47224411E800C932D1 /* Lato-Italic.ttf in Resources */,
				73575E4C224411E800C932D1 /* Lato-ThinItalic.ttf in Resources */,
				73575E48224411E800C932D1 /* Lato-BoldItalic.ttf in Resources */,
				6D60A51C2255723700AC3458 /* GoogleService-Info.plist in Resources */,
				73575E45224411E800C932D1 /* Lato-Bold.ttf in Resources */,
				73575E52224411E800C932D1 /* Lato-Black.ttf in Resources */,
				73575E49224411E800C932D1 /* Lato-Light.ttf in Resources */,
			);
			runOnlyForDeploymentPostprocessing = 0;
		};
		73575E06224408D300C932D1 /* Resources */ = {
			isa = PBXResourcesBuildPhase;
			buildActionMask = 2147483647;
			files = (
			);
			runOnlyForDeploymentPostprocessing = 0;
		};
		73575E11224408D300C932D1 /* Resources */ = {
			isa = PBXResourcesBuildPhase;
			buildActionMask = 2147483647;
			files = (
			);
			runOnlyForDeploymentPostprocessing = 0;
		};
/* End PBXResourcesBuildPhase section */

/* Begin PBXShellScriptBuildPhase section */
		058157D8B43FE07C6201F8D4 /* [CP] Check Pods Manifest.lock */ = {
			isa = PBXShellScriptBuildPhase;
			buildActionMask = 2147483647;
			files = (
			);
			inputFileListPaths = (
			);
			inputPaths = (
				"${PODS_PODFILE_DIR_PATH}/Podfile.lock",
				"${PODS_ROOT}/Manifest.lock",
			);
			name = "[CP] Check Pods Manifest.lock";
			outputFileListPaths = (
			);
			outputPaths = (
				"$(DERIVED_FILE_DIR)/Pods-PensadorAppiOSUITests-checkManifestLockResult.txt",
			);
			runOnlyForDeploymentPostprocessing = 0;
			shellPath = /bin/sh;
			shellScript = "diff \"${PODS_PODFILE_DIR_PATH}/Podfile.lock\" \"${PODS_ROOT}/Manifest.lock\" > /dev/null\nif [ $? != 0 ] ; then\n    # print error to STDERR\n    echo \"error: The sandbox is not in sync with the Podfile.lock. Run 'pod install' or update your CocoaPods installation.\" >&2\n    exit 1\nfi\n# This output is used by Xcode 'outputs' to avoid re-running this script phase.\necho \"SUCCESS\" > \"${SCRIPT_OUTPUT_FILE_0}\"\n";
			showEnvVarsInLog = 0;
		};
		4F2C8095C8182B7FC2E18439 /* [CP] Embed Pods Frameworks */ = {
			isa = PBXShellScriptBuildPhase;
			buildActionMask = 2147483647;
			files = (
			);
			inputFileListPaths = (
			);
			inputPaths = (
				"${PODS_ROOT}/Target Support Files/Pods-PensadorAppiOS/Pods-PensadorAppiOS-frameworks.sh",
				"${BUILT_PRODUCTS_DIR}/Alamofire/Alamofire.framework",
				"${BUILT_PRODUCTS_DIR}/BoringSSL-GRPC/openssl_grpc.framework",
				"${BUILT_PRODUCTS_DIR}/GoogleUtilities/GoogleUtilities.framework",
				"${BUILT_PRODUCTS_DIR}/Kingfisher/Kingfisher.framework",
				"${BUILT_PRODUCTS_DIR}/Protobuf/Protobuf.framework",
				"${BUILT_PRODUCTS_DIR}/gRPC-C++/grpcpp.framework",
				"${BUILT_PRODUCTS_DIR}/gRPC-Core/grpc.framework",
				"${BUILT_PRODUCTS_DIR}/leveldb-library/leveldb.framework",
				"${BUILT_PRODUCTS_DIR}/lottie-ios/Lottie.framework",
				"${BUILT_PRODUCTS_DIR}/nanopb/nanopb.framework",
			);
			name = "[CP] Embed Pods Frameworks";
			outputFileListPaths = (
			);
			outputPaths = (
				"${TARGET_BUILD_DIR}/${FRAMEWORKS_FOLDER_PATH}/Alamofire.framework",
				"${TARGET_BUILD_DIR}/${FRAMEWORKS_FOLDER_PATH}/openssl_grpc.framework",
				"${TARGET_BUILD_DIR}/${FRAMEWORKS_FOLDER_PATH}/GoogleUtilities.framework",
				"${TARGET_BUILD_DIR}/${FRAMEWORKS_FOLDER_PATH}/Kingfisher.framework",
				"${TARGET_BUILD_DIR}/${FRAMEWORKS_FOLDER_PATH}/Protobuf.framework",
				"${TARGET_BUILD_DIR}/${FRAMEWORKS_FOLDER_PATH}/grpcpp.framework",
				"${TARGET_BUILD_DIR}/${FRAMEWORKS_FOLDER_PATH}/grpc.framework",
				"${TARGET_BUILD_DIR}/${FRAMEWORKS_FOLDER_PATH}/leveldb.framework",
				"${TARGET_BUILD_DIR}/${FRAMEWORKS_FOLDER_PATH}/Lottie.framework",
				"${TARGET_BUILD_DIR}/${FRAMEWORKS_FOLDER_PATH}/nanopb.framework",
			);
			runOnlyForDeploymentPostprocessing = 0;
			shellPath = /bin/sh;
			shellScript = "\"${PODS_ROOT}/Target Support Files/Pods-PensadorAppiOS/Pods-PensadorAppiOS-frameworks.sh\"\n";
			showEnvVarsInLog = 0;
		};
		96F37C00C793419A24C84D4A /* [CP] Check Pods Manifest.lock */ = {
			isa = PBXShellScriptBuildPhase;
			buildActionMask = 2147483647;
			files = (
			);
			inputFileListPaths = (
			);
			inputPaths = (
				"${PODS_PODFILE_DIR_PATH}/Podfile.lock",
				"${PODS_ROOT}/Manifest.lock",
			);
			name = "[CP] Check Pods Manifest.lock";
			outputFileListPaths = (
			);
			outputPaths = (
				"$(DERIVED_FILE_DIR)/Pods-PensadorAppiOSTests-checkManifestLockResult.txt",
			);
			runOnlyForDeploymentPostprocessing = 0;
			shellPath = /bin/sh;
			shellScript = "diff \"${PODS_PODFILE_DIR_PATH}/Podfile.lock\" \"${PODS_ROOT}/Manifest.lock\" > /dev/null\nif [ $? != 0 ] ; then\n    # print error to STDERR\n    echo \"error: The sandbox is not in sync with the Podfile.lock. Run 'pod install' or update your CocoaPods installation.\" >&2\n    exit 1\nfi\n# This output is used by Xcode 'outputs' to avoid re-running this script phase.\necho \"SUCCESS\" > \"${SCRIPT_OUTPUT_FILE_0}\"\n";
			showEnvVarsInLog = 0;
		};
		D52A0BF59A5F1E7DCA83BA00 /* [CP] Check Pods Manifest.lock */ = {
			isa = PBXShellScriptBuildPhase;
			buildActionMask = 2147483647;
			files = (
			);
			inputFileListPaths = (
			);
			inputPaths = (
				"${PODS_PODFILE_DIR_PATH}/Podfile.lock",
				"${PODS_ROOT}/Manifest.lock",
			);
			name = "[CP] Check Pods Manifest.lock";
			outputFileListPaths = (
			);
			outputPaths = (
				"$(DERIVED_FILE_DIR)/Pods-PensadorAppiOS-checkManifestLockResult.txt",
			);
			runOnlyForDeploymentPostprocessing = 0;
			shellPath = /bin/sh;
			shellScript = "diff \"${PODS_PODFILE_DIR_PATH}/Podfile.lock\" \"${PODS_ROOT}/Manifest.lock\" > /dev/null\nif [ $? != 0 ] ; then\n    # print error to STDERR\n    echo \"error: The sandbox is not in sync with the Podfile.lock. Run 'pod install' or update your CocoaPods installation.\" >&2\n    exit 1\nfi\n# This output is used by Xcode 'outputs' to avoid re-running this script phase.\necho \"SUCCESS\" > \"${SCRIPT_OUTPUT_FILE_0}\"\n";
			showEnvVarsInLog = 0;
		};
/* End PBXShellScriptBuildPhase section */

/* Begin PBXSourcesBuildPhase section */
		73575DF0224408D100C932D1 /* Sources */ = {
			isa = PBXSourcesBuildPhase;
			buildActionMask = 2147483647;
			files = (
				73575E5A2244147E00C932D1 /* ListCat.swift in Sources */,
				6DC08C6A2253BBCE00030282 /* Loading.swift in Sources */,
				73575E5C224415C100C932D1 /* MainPresenter.swift in Sources */,
				73575E67224547DD00C932D1 /* Phrase.swift in Sources */,
				734D066422494A4D0029587F /* PhrasesCell.swift in Sources */,
				73174282224A85F500BFE242 /* ExtensionUIViewController.swift in Sources */,
				73575DFA224408D100C932D1 /* MainViewController.swift in Sources */,
				734D065E2249409E0029587F /* PhrasePresenter.swift in Sources */,
				73575DF8224408D100C932D1 /* AppDelegate.swift in Sources */,
				73575E6B22454A7700C932D1 /* PhraseViewController.swift in Sources */,
				73575E3022440F6B00C932D1 /* ServiceAPI.swift in Sources */,
				73575E582244141600C932D1 /* Thinker.swift in Sources */,
				734D0662224944010029587F /* List.swift in Sources */,
				73575E6D224565EE00C932D1 /* CategoryInsideCell.swift in Sources */,
				73575E2E22440DC100C932D1 /* Network.swift in Sources */,
				734D0660224941D70029587F /* Author.swift in Sources */,
				73575E60224518CE00C932D1 /* CategoryCell.swift in Sources */,
			);
			runOnlyForDeploymentPostprocessing = 0;
		};
		73575E04224408D300C932D1 /* Sources */ = {
			isa = PBXSourcesBuildPhase;
			buildActionMask = 2147483647;
			files = (
				73575E0D224408D300C932D1 /* PensadorAppiOSTests.swift in Sources */,
			);
			runOnlyForDeploymentPostprocessing = 0;
		};
		73575E0F224408D300C932D1 /* Sources */ = {
			isa = PBXSourcesBuildPhase;
			buildActionMask = 2147483647;
			files = (
				73575E18224408D300C932D1 /* PensadorAppiOSUITests.swift in Sources */,
			);
			runOnlyForDeploymentPostprocessing = 0;
		};
/* End PBXSourcesBuildPhase section */

/* Begin PBXTargetDependency section */
		73575E0A224408D300C932D1 /* PBXTargetDependency */ = {
			isa = PBXTargetDependency;
			target = 73575DF3224408D100C932D1 /* PensadorAppiOS */;
			targetProxy = 73575E09224408D300C932D1 /* PBXContainerItemProxy */;
		};
		73575E15224408D300C932D1 /* PBXTargetDependency */ = {
			isa = PBXTargetDependency;
			target = 73575DF3224408D100C932D1 /* PensadorAppiOS */;
			targetProxy = 73575E14224408D300C932D1 /* PBXContainerItemProxy */;
		};
/* End PBXTargetDependency section */

/* Begin PBXVariantGroup section */
		73575DFB224408D100C932D1 /* Main.storyboard */ = {
			isa = PBXVariantGroup;
			children = (
				73575DFC224408D100C932D1 /* Base */,
			);
			name = Main.storyboard;
			sourceTree = "<group>";
		};
		73575E00224408D300C932D1 /* LaunchScreen.storyboard */ = {
			isa = PBXVariantGroup;
			children = (
				73575E01224408D300C932D1 /* Base */,
			);
			name = LaunchScreen.storyboard;
			sourceTree = "<group>";
		};
/* End PBXVariantGroup section */

/* Begin XCBuildConfiguration section */
		73575E1A224408D300C932D1 /* Debug */ = {
			isa = XCBuildConfiguration;
			buildSettings = {
				ALWAYS_SEARCH_USER_PATHS = NO;
				CLANG_ANALYZER_NONNULL = YES;
				CLANG_ANALYZER_NUMBER_OBJECT_CONVERSION = YES_AGGRESSIVE;
				CLANG_CXX_LANGUAGE_STANDARD = "gnu++14";
				CLANG_CXX_LIBRARY = "libc++";
				CLANG_ENABLE_MODULES = YES;
				CLANG_ENABLE_OBJC_ARC = YES;
				CLANG_ENABLE_OBJC_WEAK = YES;
				CLANG_WARN_BLOCK_CAPTURE_AUTORELEASING = YES;
				CLANG_WARN_BOOL_CONVERSION = YES;
				CLANG_WARN_COMMA = YES;
				CLANG_WARN_CONSTANT_CONVERSION = YES;
				CLANG_WARN_DEPRECATED_OBJC_IMPLEMENTATIONS = YES;
				CLANG_WARN_DIRECT_OBJC_ISA_USAGE = YES_ERROR;
				CLANG_WARN_DOCUMENTATION_COMMENTS = YES;
				CLANG_WARN_EMPTY_BODY = YES;
				CLANG_WARN_ENUM_CONVERSION = YES;
				CLANG_WARN_INFINITE_RECURSION = YES;
				CLANG_WARN_INT_CONVERSION = YES;
				CLANG_WARN_NON_LITERAL_NULL_CONVERSION = YES;
				CLANG_WARN_OBJC_IMPLICIT_RETAIN_SELF = YES;
				CLANG_WARN_OBJC_LITERAL_CONVERSION = YES;
				CLANG_WARN_OBJC_ROOT_CLASS = YES_ERROR;
				CLANG_WARN_RANGE_LOOP_ANALYSIS = YES;
				CLANG_WARN_STRICT_PROTOTYPES = YES;
				CLANG_WARN_SUSPICIOUS_MOVE = YES;
				CLANG_WARN_UNGUARDED_AVAILABILITY = YES_AGGRESSIVE;
				CLANG_WARN_UNREACHABLE_CODE = YES;
				CLANG_WARN__DUPLICATE_METHOD_MATCH = YES;
				CODE_SIGN_IDENTITY = "iPhone Developer";
				COPY_PHASE_STRIP = NO;
				DEBUG_INFORMATION_FORMAT = dwarf;
				ENABLE_STRICT_OBJC_MSGSEND = YES;
				ENABLE_TESTABILITY = YES;
				GCC_C_LANGUAGE_STANDARD = gnu11;
				GCC_DYNAMIC_NO_PIC = NO;
				GCC_NO_COMMON_BLOCKS = YES;
				GCC_OPTIMIZATION_LEVEL = 0;
				GCC_PREPROCESSOR_DEFINITIONS = (
					"DEBUG=1",
					"$(inherited)",
				);
				GCC_WARN_64_TO_32_BIT_CONVERSION = YES;
				GCC_WARN_ABOUT_RETURN_TYPE = YES_ERROR;
				GCC_WARN_UNDECLARED_SELECTOR = YES;
				GCC_WARN_UNINITIALIZED_AUTOS = YES_AGGRESSIVE;
				GCC_WARN_UNUSED_FUNCTION = YES;
				GCC_WARN_UNUSED_VARIABLE = YES;
				IPHONEOS_DEPLOYMENT_TARGET = 12.0;
				MTL_ENABLE_DEBUG_INFO = INCLUDE_SOURCE;
				MTL_FAST_MATH = YES;
				ONLY_ACTIVE_ARCH = YES;
				SDKROOT = iphoneos;
				SWIFT_ACTIVE_COMPILATION_CONDITIONS = DEBUG;
				SWIFT_OPTIMIZATION_LEVEL = "-Onone";
			};
			name = Debug;
		};
		73575E1B224408D300C932D1 /* Release */ = {
			isa = XCBuildConfiguration;
			buildSettings = {
				ALWAYS_SEARCH_USER_PATHS = NO;
				CLANG_ANALYZER_NONNULL = YES;
				CLANG_ANALYZER_NUMBER_OBJECT_CONVERSION = YES_AGGRESSIVE;
				CLANG_CXX_LANGUAGE_STANDARD = "gnu++14";
				CLANG_CXX_LIBRARY = "libc++";
				CLANG_ENABLE_MODULES = YES;
				CLANG_ENABLE_OBJC_ARC = YES;
				CLANG_ENABLE_OBJC_WEAK = YES;
				CLANG_WARN_BLOCK_CAPTURE_AUTORELEASING = YES;
				CLANG_WARN_BOOL_CONVERSION = YES;
				CLANG_WARN_COMMA = YES;
				CLANG_WARN_CONSTANT_CONVERSION = YES;
				CLANG_WARN_DEPRECATED_OBJC_IMPLEMENTATIONS = YES;
				CLANG_WARN_DIRECT_OBJC_ISA_USAGE = YES_ERROR;
				CLANG_WARN_DOCUMENTATION_COMMENTS = YES;
				CLANG_WARN_EMPTY_BODY = YES;
				CLANG_WARN_ENUM_CONVERSION = YES;
				CLANG_WARN_INFINITE_RECURSION = YES;
				CLANG_WARN_INT_CONVERSION = YES;
				CLANG_WARN_NON_LITERAL_NULL_CONVERSION = YES;
				CLANG_WARN_OBJC_IMPLICIT_RETAIN_SELF = YES;
				CLANG_WARN_OBJC_LITERAL_CONVERSION = YES;
				CLANG_WARN_OBJC_ROOT_CLASS = YES_ERROR;
				CLANG_WARN_RANGE_LOOP_ANALYSIS = YES;
				CLANG_WARN_STRICT_PROTOTYPES = YES;
				CLANG_WARN_SUSPICIOUS_MOVE = YES;
				CLANG_WARN_UNGUARDED_AVAILABILITY = YES_AGGRESSIVE;
				CLANG_WARN_UNREACHABLE_CODE = YES;
				CLANG_WARN__DUPLICATE_METHOD_MATCH = YES;
				CODE_SIGN_IDENTITY = "iPhone Developer";
				COPY_PHASE_STRIP = NO;
				DEBUG_INFORMATION_FORMAT = "dwarf-with-dsym";
				ENABLE_NS_ASSERTIONS = NO;
				ENABLE_STRICT_OBJC_MSGSEND = YES;
				GCC_C_LANGUAGE_STANDARD = gnu11;
				GCC_NO_COMMON_BLOCKS = YES;
				GCC_WARN_64_TO_32_BIT_CONVERSION = YES;
				GCC_WARN_ABOUT_RETURN_TYPE = YES_ERROR;
				GCC_WARN_UNDECLARED_SELECTOR = YES;
				GCC_WARN_UNINITIALIZED_AUTOS = YES_AGGRESSIVE;
				GCC_WARN_UNUSED_FUNCTION = YES;
				GCC_WARN_UNUSED_VARIABLE = YES;
				IPHONEOS_DEPLOYMENT_TARGET = 12.0;
				MTL_ENABLE_DEBUG_INFO = NO;
				MTL_FAST_MATH = YES;
				SDKROOT = iphoneos;
				SWIFT_COMPILATION_MODE = wholemodule;
				SWIFT_OPTIMIZATION_LEVEL = "-O";
				VALIDATE_PRODUCT = YES;
			};
			name = Release;
		};
		73575E1D224408D300C932D1 /* Debug */ = {
			isa = XCBuildConfiguration;
			baseConfigurationReference = 7C07580A290D417E7A44F46B /* Pods-PensadorAppiOS.debug.xcconfig */;
			buildSettings = {
				ASSETCATALOG_COMPILER_APPICON_NAME = AppIcon;
				CODE_SIGN_STYLE = Automatic;
				DEVELOPMENT_TEAM = U7PQ83RMH9;
				INFOPLIST_FILE = PensadorAppiOS/resource/config/Info.plist;
				LD_RUNPATH_SEARCH_PATHS = (
					"$(inherited)",
					"@executable_path/Frameworks",
				);
				PRODUCT_BUNDLE_IDENTIFIER = com.PensadorAppiOS;
				PRODUCT_NAME = "$(TARGET_NAME)";
				SWIFT_VERSION = 4.2;
				TARGETED_DEVICE_FAMILY = "1,2";
			};
			name = Debug;
		};
		73575E1E224408D300C932D1 /* Release */ = {
			isa = XCBuildConfiguration;
			baseConfigurationReference = 5E555E17C6A2D80C1C153BA1 /* Pods-PensadorAppiOS.release.xcconfig */;
			buildSettings = {
				ASSETCATALOG_COMPILER_APPICON_NAME = AppIcon;
				CODE_SIGN_STYLE = Automatic;
				DEVELOPMENT_TEAM = U7PQ83RMH9;
				INFOPLIST_FILE = PensadorAppiOS/resource/config/Info.plist;
				LD_RUNPATH_SEARCH_PATHS = (
					"$(inherited)",
					"@executable_path/Frameworks",
				);
				PRODUCT_BUNDLE_IDENTIFIER = com.PensadorAppiOS;
				PRODUCT_NAME = "$(TARGET_NAME)";
				SWIFT_VERSION = 4.2;
				TARGETED_DEVICE_FAMILY = "1,2";
			};
			name = Release;
		};
		73575E20224408D300C932D1 /* Debug */ = {
			isa = XCBuildConfiguration;
			baseConfigurationReference = A1D058167C93AAD95306D364 /* Pods-PensadorAppiOSTests.debug.xcconfig */;
			buildSettings = {
				ALWAYS_EMBED_SWIFT_STANDARD_LIBRARIES = YES;
				BUNDLE_LOADER = "$(TEST_HOST)";
				CODE_SIGN_STYLE = Automatic;
				INFOPLIST_FILE = PensadorAppiOSTests/Info.plist;
				LD_RUNPATH_SEARCH_PATHS = (
					"$(inherited)",
					"@executable_path/Frameworks",
					"@loader_path/Frameworks",
				);
				PRODUCT_BUNDLE_IDENTIFIER = ea.PensadorAppiOSTests;
				PRODUCT_NAME = "$(TARGET_NAME)";
				SWIFT_VERSION = 4.2;
				TARGETED_DEVICE_FAMILY = "1,2";
				TEST_HOST = "$(BUILT_PRODUCTS_DIR)/PensadorAppiOS.app/PensadorAppiOS";
			};
			name = Debug;
		};
		73575E21224408D300C932D1 /* Release */ = {
			isa = XCBuildConfiguration;
			baseConfigurationReference = 99547394AFA1A0865F75D490 /* Pods-PensadorAppiOSTests.release.xcconfig */;
			buildSettings = {
				ALWAYS_EMBED_SWIFT_STANDARD_LIBRARIES = YES;
				BUNDLE_LOADER = "$(TEST_HOST)";
				CODE_SIGN_STYLE = Automatic;
				INFOPLIST_FILE = PensadorAppiOSTests/Info.plist;
				LD_RUNPATH_SEARCH_PATHS = (
					"$(inherited)",
					"@executable_path/Frameworks",
					"@loader_path/Frameworks",
				);
				PRODUCT_BUNDLE_IDENTIFIER = ea.PensadorAppiOSTests;
				PRODUCT_NAME = "$(TARGET_NAME)";
				SWIFT_VERSION = 4.2;
				TARGETED_DEVICE_FAMILY = "1,2";
				TEST_HOST = "$(BUILT_PRODUCTS_DIR)/PensadorAppiOS.app/PensadorAppiOS";
			};
			name = Release;
		};
		73575E23224408D300C932D1 /* Debug */ = {
			isa = XCBuildConfiguration;
			baseConfigurationReference = 6F5374144E78A6B50408F1B3 /* Pods-PensadorAppiOSUITests.debug.xcconfig */;
			buildSettings = {
				ALWAYS_EMBED_SWIFT_STANDARD_LIBRARIES = YES;
				CODE_SIGN_STYLE = Automatic;
				INFOPLIST_FILE = PensadorAppiOSUITests/Info.plist;
				LD_RUNPATH_SEARCH_PATHS = (
					"$(inherited)",
					"@executable_path/Frameworks",
					"@loader_path/Frameworks",
				);
				PRODUCT_BUNDLE_IDENTIFIER = ea.PensadorAppiOSUITests;
				PRODUCT_NAME = "$(TARGET_NAME)";
				SWIFT_VERSION = 4.2;
				TARGETED_DEVICE_FAMILY = "1,2";
				TEST_TARGET_NAME = PensadorAppiOS;
			};
			name = Debug;
		};
		73575E24224408D300C932D1 /* Release */ = {
			isa = XCBuildConfiguration;
			baseConfigurationReference = F0FF3D4F4B866D006298919C /* Pods-PensadorAppiOSUITests.release.xcconfig */;
			buildSettings = {
				ALWAYS_EMBED_SWIFT_STANDARD_LIBRARIES = YES;
				CODE_SIGN_STYLE = Automatic;
				INFOPLIST_FILE = PensadorAppiOSUITests/Info.plist;
				LD_RUNPATH_SEARCH_PATHS = (
					"$(inherited)",
					"@executable_path/Frameworks",
					"@loader_path/Frameworks",
				);
				PRODUCT_BUNDLE_IDENTIFIER = ea.PensadorAppiOSUITests;
				PRODUCT_NAME = "$(TARGET_NAME)";
				SWIFT_VERSION = 4.2;
				TARGETED_DEVICE_FAMILY = "1,2";
				TEST_TARGET_NAME = PensadorAppiOS;
			};
			name = Release;
		};
/* End XCBuildConfiguration section */

/* Begin XCConfigurationList section */
		73575DEF224408D100C932D1 /* Build configuration list for PBXProject "PensadorAppiOS" */ = {
			isa = XCConfigurationList;
			buildConfigurations = (
				73575E1A224408D300C932D1 /* Debug */,
				73575E1B224408D300C932D1 /* Release */,
			);
			defaultConfigurationIsVisible = 0;
			defaultConfigurationName = Release;
		};
		73575E1C224408D300C932D1 /* Build configuration list for PBXNativeTarget "PensadorAppiOS" */ = {
			isa = XCConfigurationList;
			buildConfigurations = (
				73575E1D224408D300C932D1 /* Debug */,
				73575E1E224408D300C932D1 /* Release */,
			);
			defaultConfigurationIsVisible = 0;
			defaultConfigurationName = Release;
		};
		73575E1F224408D300C932D1 /* Build configuration list for PBXNativeTarget "PensadorAppiOSTests" */ = {
			isa = XCConfigurationList;
			buildConfigurations = (
				73575E20224408D300C932D1 /* Debug */,
				73575E21224408D300C932D1 /* Release */,
			);
			defaultConfigurationIsVisible = 0;
			defaultConfigurationName = Release;
		};
		73575E22224408D300C932D1 /* Build configuration list for PBXNativeTarget "PensadorAppiOSUITests" */ = {
			isa = XCConfigurationList;
			buildConfigurations = (
				73575E23224408D300C932D1 /* Debug */,
				73575E24224408D300C932D1 /* Release */,
			);
			defaultConfigurationIsVisible = 0;
			defaultConfigurationName = Release;
		};
/* End XCConfigurationList section */
	};
	rootObject = 73575DEC224408D100C932D1 /* Project object */;
}
